
Microsoft Visual Studio Solution File, Format Version 12.00
# Visual Studio Version 17
VisualStudioVersion = 17.9.34723.18
MinimumVisualStudioVersion = 10.0.40219.1
Project("{2150E333-8FDC-42A3-9474-1A3956D46DE8}") = "Core", "Core", "{E2C150D0-B8F5-4C8D-BFFC-6AC48404CFE5}"
EndProject
Project("{2150E333-8FDC-42A3-9474-1A3956D46DE8}") = "External", "External", "{B4518C1C-382D-4A9E-91D3-9BFC796855ED}"
EndProject
Project("{9A19103F-16F7-4668-BE54-9A1E7A4F7556}") = "Clinic.Application", "Core\Clinic.Application\Clinic.Application.csproj", "{F19A5DE0-5584-454F-A5A9-818E832D71BF}"
EndProject
Project("{FAE04EC0-301F-11D3-BF4B-00C04F79EFBC}") = "Clinic.Domain", "Core\Clinic.Domain\Clinic.Domain.csproj", "{4DD42C12-1D63-46B2-888E-522915616162}"
EndProject
Project("{2150E333-8FDC-42A3-9474-1A3956D46DE8}") = "Common", "Common", "{9B959EAF-9570-4282-A742-E78C83C75C09}"
EndProject
Project("{2150E333-8FDC-42A3-9474-1A3956D46DE8}") = "Infrastructure", "Infrastructure", "{73B3CE16-E7BD-41A9-9412-D507DE095E0E}"
EndProject
Project("{2150E333-8FDC-42A3-9474-1A3956D46DE8}") = "Presentation", "Presentation", "{4DFA648A-3B8A-424A-92D0-B6EFD7423028}"
EndProject
Project("{FAE04EC0-301F-11D3-BF4B-00C04F79EFBC}") = "Clinic.Configuration", "External\Common\Clinic.Configuration\Clinic.Configuration.csproj", "{C8F00008-DD4B-455B-8923-A20CEEF9080A}"
EndProject
Project("{2150E333-8FDC-42A3-9474-1A3956D46DE8}") = "FileObjectStorage", "FileObjectStorage", "{90724F2C-6B97-4622-8DA2-59DDF8DAA1BF}"
EndProject
Project("{2150E333-8FDC-42A3-9474-1A3956D46DE8}") = "Notification", "Notification", "{4EA42DFE-706B-443D-BE92-9003167DD5D9}"
EndProject
Project("{2150E333-8FDC-42A3-9474-1A3956D46DE8}") = "Mail", "Mail", "{46C373E9-A894-4DD7-9531-B5DEEC11AEE6}"
EndProject
Project("{2150E333-8FDC-42A3-9474-1A3956D46DE8}") = "Persistence", "Persistence", "{248C7A19-5AD7-41AB-8C50-E55562B777CA}"
EndProject
Project("{2150E333-8FDC-42A3-9474-1A3956D46DE8}") = "Cache", "Cache", "{25385D18-BBE8-44DC-88A4-0B5AF74819D9}"
EndProject
Project("{2150E333-8FDC-42A3-9474-1A3956D46DE8}") = "Relational", "Relational", "{857FAA37-3730-41D1-9D3F-F247FC59F31F}"
EndProject
Project("{FAE04EC0-301F-11D3-BF4B-00C04F79EFBC}") = "Clinic.Redis", "External\Infrastructure\Persistence\Cache\Clinic.Redis\Clinic.Redis.csproj", "{30F88CB0-71CD-47FC-B1F1-A54D9E6164C8}"
EndProject
Project("{FAE04EC0-301F-11D3-BF4B-00C04F79EFBC}") = "Clinic.MySQL", "External\Infrastructure\Persistence\Relational\Clinic.MySQL\Clinic.MySQL.csproj", "{A2C319CE-6CE4-4311-9BD6-C42645720EDE}"
EndProject
Project("{FAE04EC0-301F-11D3-BF4B-00C04F79EFBC}") = "Clinic.MailKit", "External\Infrastructure\Notification\Mail\Clinic.MailKit\Clinic.MailKit.csproj", "{3386CDE8-E0FF-4753-8DCA-968CCA245B39}"
EndProject
Project("{2150E333-8FDC-42A3-9474-1A3956D46DE8}") = "Image", "Image", "{582E7EC1-EC2D-4F92-AF5C-20B25E0E4DB1}"
EndProject
Project("{FAE04EC0-301F-11D3-BF4B-00C04F79EFBC}") = "Clinic.ImageCloudinary", "External\Infrastructure\FileObjectStorage\Image\Clinic.ImageCloudinary\Clinic.ImageCloudinary.csproj", "{5427AFEB-24A1-41F7-9C18-ACA6CDD47438}"
EndProject
Project("{FAE04EC0-301F-11D3-BF4B-00C04F79EFBC}") = "Clinic.WebAPI", "External\Presentation\Clinic.WebAPI\Clinic.WebAPI.csproj", "{A3797539-1209-408E-A308-91C4F31C9C61}"
EndProject
Global
	GlobalSection(SolutionConfigurationPlatforms) = preSolution
		Debug|Any CPU = Debug|Any CPU
		Release|Any CPU = Release|Any CPU
	EndGlobalSection
	GlobalSection(ProjectConfigurationPlatforms) = postSolution
		{F19A5DE0-5584-454F-A5A9-818E832D71BF}.Debug|Any CPU.ActiveCfg = Debug|Any CPU
		{F19A5DE0-5584-454F-A5A9-818E832D71BF}.Debug|Any CPU.Build.0 = Debug|Any CPU
		{F19A5DE0-5584-454F-A5A9-818E832D71BF}.Release|Any CPU.ActiveCfg = Release|Any CPU
		{F19A5DE0-5584-454F-A5A9-818E832D71BF}.Release|Any CPU.Build.0 = Release|Any CPU
		{4DD42C12-1D63-46B2-888E-522915616162}.Debug|Any CPU.ActiveCfg = Debug|Any CPU
		{4DD42C12-1D63-46B2-888E-522915616162}.Debug|Any CPU.Build.0 = Debug|Any CPU
		{4DD42C12-1D63-46B2-888E-522915616162}.Release|Any CPU.ActiveCfg = Release|Any CPU
		{4DD42C12-1D63-46B2-888E-522915616162}.Release|Any CPU.Build.0 = Release|Any CPU
		{C8F00008-DD4B-455B-8923-A20CEEF9080A}.Debug|Any CPU.ActiveCfg = Debug|Any CPU
		{C8F00008-DD4B-455B-8923-A20CEEF9080A}.Debug|Any CPU.Build.0 = Debug|Any CPU
		{C8F00008-DD4B-455B-8923-A20CEEF9080A}.Release|Any CPU.ActiveCfg = Release|Any CPU
		{C8F00008-DD4B-455B-8923-A20CEEF9080A}.Release|Any CPU.Build.0 = Release|Any CPU
		{30F88CB0-71CD-47FC-B1F1-A54D9E6164C8}.Debug|Any CPU.ActiveCfg = Debug|Any CPU
		{30F88CB0-71CD-47FC-B1F1-A54D9E6164C8}.Debug|Any CPU.Build.0 = Debug|Any CPU
		{30F88CB0-71CD-47FC-B1F1-A54D9E6164C8}.Release|Any CPU.ActiveCfg = Release|Any CPU
		{30F88CB0-71CD-47FC-B1F1-A54D9E6164C8}.Release|Any CPU.Build.0 = Release|Any CPU
		{A2C319CE-6CE4-4311-9BD6-C42645720EDE}.Debug|Any CPU.ActiveCfg = Debug|Any CPU
		{A2C319CE-6CE4-4311-9BD6-C42645720EDE}.Debug|Any CPU.Build.0 = Debug|Any CPU
		{A2C319CE-6CE4-4311-9BD6-C42645720EDE}.Release|Any CPU.ActiveCfg = Release|Any CPU
		{A2C319CE-6CE4-4311-9BD6-C42645720EDE}.Release|Any CPU.Build.0 = Release|Any CPU
		{3386CDE8-E0FF-4753-8DCA-968CCA245B39}.Debug|Any CPU.ActiveCfg = Debug|Any CPU
		{3386CDE8-E0FF-4753-8DCA-968CCA245B39}.Debug|Any CPU.Build.0 = Debug|Any CPU
		{3386CDE8-E0FF-4753-8DCA-968CCA245B39}.Release|Any CPU.ActiveCfg = Release|Any CPU
		{3386CDE8-E0FF-4753-8DCA-968CCA245B39}.Release|Any CPU.Build.0 = Release|Any CPU
		{5427AFEB-24A1-41F7-9C18-ACA6CDD47438}.Debug|Any CPU.ActiveCfg = Debug|Any CPU
		{5427AFEB-24A1-41F7-9C18-ACA6CDD47438}.Debug|Any CPU.Build.0 = Debug|Any CPU
		{5427AFEB-24A1-41F7-9C18-ACA6CDD47438}.Release|Any CPU.ActiveCfg = Release|Any CPU
		{5427AFEB-24A1-41F7-9C18-ACA6CDD47438}.Release|Any CPU.Build.0 = Release|Any CPU
		{A3797539-1209-408E-A308-91C4F31C9C61}.Debug|Any CPU.ActiveCfg = Debug|Any CPU
		{A3797539-1209-408E-A308-91C4F31C9C61}.Debug|Any CPU.Build.0 = Debug|Any CPU
		{A3797539-1209-408E-A308-91C4F31C9C61}.Release|Any CPU.ActiveCfg = Release|Any CPU
		{A3797539-1209-408E-A308-91C4F31C9C61}.Release|Any CPU.Build.0 = Release|Any CPU
	EndGlobalSection
	GlobalSection(SolutionProperties) = preSolution
		HideSolutionNode = FALSE
	EndGlobalSection
	GlobalSection(NestedProjects) = preSolution
		{F19A5DE0-5584-454F-A5A9-818E832D71BF} = {E2C150D0-B8F5-4C8D-BFFC-6AC48404CFE5}
		{4DD42C12-1D63-46B2-888E-522915616162} = {E2C150D0-B8F5-4C8D-BFFC-6AC48404CFE5}
		{9B959EAF-9570-4282-A742-E78C83C75C09} = {B4518C1C-382D-4A9E-91D3-9BFC796855ED}
		{73B3CE16-E7BD-41A9-9412-D507DE095E0E} = {B4518C1C-382D-4A9E-91D3-9BFC796855ED}
		{4DFA648A-3B8A-424A-92D0-B6EFD7423028} = {B4518C1C-382D-4A9E-91D3-9BFC796855ED}
		{C8F00008-DD4B-455B-8923-A20CEEF9080A} = {9B959EAF-9570-4282-A742-E78C83C75C09}
		{90724F2C-6B97-4622-8DA2-59DDF8DAA1BF} = {73B3CE16-E7BD-41A9-9412-D507DE095E0E}
		{4EA42DFE-706B-443D-BE92-9003167DD5D9} = {73B3CE16-E7BD-41A9-9412-D507DE095E0E}
		{46C373E9-A894-4DD7-9531-B5DEEC11AEE6} = {4EA42DFE-706B-443D-BE92-9003167DD5D9}
		{248C7A19-5AD7-41AB-8C50-E55562B777CA} = {73B3CE16-E7BD-41A9-9412-D507DE095E0E}
		{25385D18-BBE8-44DC-88A4-0B5AF74819D9} = {248C7A19-5AD7-41AB-8C50-E55562B777CA}
		{857FAA37-3730-41D1-9D3F-F247FC59F31F} = {248C7A19-5AD7-41AB-8C50-E55562B777CA}
		{30F88CB0-71CD-47FC-B1F1-A54D9E6164C8} = {25385D18-BBE8-44DC-88A4-0B5AF74819D9}
		{A2C319CE-6CE4-4311-9BD6-C42645720EDE} = {857FAA37-3730-41D1-9D3F-F247FC59F31F}
		{3386CDE8-E0FF-4753-8DCA-968CCA245B39} = {46C373E9-A894-4DD7-9531-B5DEEC11AEE6}
		{582E7EC1-EC2D-4F92-AF5C-20B25E0E4DB1} = {90724F2C-6B97-4622-8DA2-59DDF8DAA1BF}
		{5427AFEB-24A1-41F7-9C18-ACA6CDD47438} = {582E7EC1-EC2D-4F92-AF5C-20B25E0E4DB1}
		{A3797539-1209-408E-A308-91C4F31C9C61} = {4DFA648A-3B8A-424A-92D0-B6EFD7423028}
	EndGlobalSection
	GlobalSection(ExtensibilityGlobals) = postSolution
		SolutionGuid = {57676846-8CE4-4665-BA4C-2AEACCFDCFAE}
	EndGlobalSection
EndGlobal
